
Microsoft Visual Studio Solution File, Format Version 12.00
# Visual Studio Version 16
VisualStudioVersion = 16.0.30621.155
MinimumVisualStudioVersion = 10.0.40219.1
Project("{9A19103F-16F7-4668-BE54-9A1E7A4F7556}") = "MathGame", "RazorPagesMathGame\MathGame.csproj", "{68466CCB-B417-49DD-906F-69AD4439E23D}"
EndProject
Project("{9A19103F-16F7-4668-BE54-9A1E7A4F7556}") = "WorldJourney", "..\..\..\Labs\work\webapps\Allfiles\Mod04\Labfiles\01_WorldJourney_begin\WorldJourney\WorldJourney.csproj", "{CBB450E7-20F8-40EA-982F-B9C93B0B2490}"
EndProject
Global
	GlobalSection(SolutionConfigurationPlatforms) = preSolution
		Debug|Any CPU = Debug|Any CPU
		Release|Any CPU = Release|Any CPU
	EndGlobalSection
	GlobalSection(ProjectConfigurationPlatforms) = postSolution
		{68466CCB-B417-49DD-906F-69AD4439E23D}.Debug|Any CPU.ActiveCfg = Debug|Any CPU
		{68466CCB-B417-49DD-906F-69AD4439E23D}.Debug|Any CPU.Build.0 = Debug|Any CPU
		{68466CCB-B417-49DD-906F-69AD4439E23D}.Release|Any CPU.ActiveCfg = Release|Any CPU
		{68466CCB-B417-49DD-906F-69AD4439E23D}.Release|Any CPU.Build.0 = Release|Any CPU
		{CBB450E7-20F8-40EA-982F-B9C93B0B2490}.Debug|Any CPU.ActiveCfg = Debug|Any CPU
		{CBB450E7-20F8-40EA-982F-B9C93B0B2490}.Debug|Any CPU.Build.0 = Debug|Any CPU
		{CBB450E7-20F8-40EA-982F-B9C93B0B2490}.Release|Any CPU.ActiveCfg = Release|Any CPU
		{CBB450E7-20F8-40EA-982F-B9C93B0B2490}.Release|Any CPU.Build.0 = Release|Any CPU
	EndGlobalSection
	GlobalSection(SolutionProperties) = preSolution
		HideSolutionNode = FALSE
	EndGlobalSection
	GlobalSection(ExtensibilityGlobals) = postSolution
		SolutionGuid = {3E33FDF3-4BD7-4C74-BA1C-BF5D5A654A76}
	EndGlobalSection
EndGlobal
